
Microsoft Visual Studio Solution File, Format Version 12.00
# Visual Studio 2013
VisualStudioVersion = 12.0.40629.0
MinimumVisualStudioVersion = 10.0.40219.1
Project("{FAE04EC0-301F-11D3-BF4B-00C04F79EFBC}") = "ALS", "ALS\ALS.csproj", "{F717F720-4D14-4A31-B422-789963335EE6}"
EndProject
Project("{FAE04EC0-301F-11D3-BF4B-00C04F79EFBC}") = "BLL", "BLL\BLL.csproj", "{38D7AA58-C95B-449B-86C6-A8073A56E11F}"
EndProject
Project("{FAE04EC0-301F-11D3-BF4B-00C04F79EFBC}") = "Common", "Common\Common.csproj", "{E3D8759A-C5EB-402D-9F10-F5C6029A8D1A}"
EndProject
Project("{FAE04EC0-301F-11D3-BF4B-00C04F79EFBC}") = "DAL", "DAL\DAL.csproj", "{9FE00521-3A8B-42B1-814E-585E99407B2E}"
EndProject
Project("{FAE04EC0-301F-11D3-BF4B-00C04F79EFBC}") = "DBUtility", "DBUtility\DBUtility.csproj", "{0988C62E-247F-471F-A183-DB509C7A3839}"
EndProject
Project("{FAE04EC0-301F-11D3-BF4B-00C04F79EFBC}") = "Model", "Model\Model.csproj", "{53995DBB-9836-4647-AD22-865884FDEB9E}"
EndProject
Project("{FAE04EC0-301F-11D3-BF4B-00C04F79EFBC}") = "AeroWizard", "AeroWizard\AeroWizard.csproj", "{199C12C4-3EEF-4D08-BAC3-F2A62BCF969C}"
EndProject
Project("{FAE04EC0-301F-11D3-BF4B-00C04F79EFBC}") = "CodeVendor.Controls", "Grouper\CodeVendor.Controls.csproj", "{D5D88EB0-23B9-46CE-B23C-C6245ECF023C}"
EndProject
Project("{FAE04EC0-301F-11D3-BF4B-00C04F79EFBC}") = "PulseButton", "PulseButton\PulseButton.csproj", "{17A4D90E-2DEB-4BD7-82B6-16860C90B4E9}"
EndProject
Global
	GlobalSection(SolutionConfigurationPlatforms) = preSolution
		CD_ROM|Any CPU = CD_ROM|Any CPU
		CD_ROM|Mixed Platforms = CD_ROM|Mixed Platforms
		CD_ROM|x86 = CD_ROM|x86
		Debug|Any CPU = Debug|Any CPU
		Debug|Mixed Platforms = Debug|Mixed Platforms
		Debug|x86 = Debug|x86
		DVD-5|Any CPU = DVD-5|Any CPU
		DVD-5|Mixed Platforms = DVD-5|Mixed Platforms
		DVD-5|x86 = DVD-5|x86
		Release|Any CPU = Release|Any CPU
		Release|Mixed Platforms = Release|Mixed Platforms
		Release|x86 = Release|x86
		SingleImage|Any CPU = SingleImage|Any CPU
		SingleImage|Mixed Platforms = SingleImage|Mixed Platforms
		SingleImage|x86 = SingleImage|x86
	EndGlobalSection
	GlobalSection(ProjectConfigurationPlatforms) = postSolution
		{F717F720-4D14-4A31-B422-789963335EE6}.CD_ROM|Any CPU.ActiveCfg = Release|x86
		{F717F720-4D14-4A31-B422-789963335EE6}.CD_ROM|Mixed Platforms.ActiveCfg = Release|x86
		{F717F720-4D14-4A31-B422-789963335EE6}.CD_ROM|Mixed Platforms.Build.0 = Release|x86
		{F717F720-4D14-4A31-B422-789963335EE6}.CD_ROM|x86.ActiveCfg = Release|x86
		{F717F720-4D14-4A31-B422-789963335EE6}.CD_ROM|x86.Build.0 = Release|x86
		{F717F720-4D14-4A31-B422-789963335EE6}.Debug|Any CPU.ActiveCfg = Debug|x86
		{F717F720-4D14-4A31-B422-789963335EE6}.Debug|Mixed Platforms.ActiveCfg = Debug|x86
		{F717F720-4D14-4A31-B422-789963335EE6}.Debug|Mixed Platforms.Build.0 = Debug|x86
		{F717F720-4D14-4A31-B422-789963335EE6}.Debug|x86.ActiveCfg = Debug|x86
		{F717F720-4D14-4A31-B422-789963335EE6}.Debug|x86.Build.0 = Debug|x86
		{F717F720-4D14-4A31-B422-789963335EE6}.DVD-5|Any CPU.ActiveCfg = Debug|x86
		{F717F720-4D14-4A31-B422-789963335EE6}.DVD-5|Mixed Platforms.ActiveCfg = Debug|x86
		{F717F720-4D14-4A31-B422-789963335EE6}.DVD-5|Mixed Platforms.Build.0 = Debug|x86
		{F717F720-4D14-4A31-B422-789963335EE6}.DVD-5|x86.ActiveCfg = Debug|x86
		{F717F720-4D14-4A31-B422-789963335EE6}.DVD-5|x86.Build.0 = Debug|x86
		{F717F720-4D14-4A31-B422-789963335EE6}.Release|Any CPU.ActiveCfg = Release|x86
		{F717F720-4D14-4A31-B422-789963335EE6}.Release|Mixed Platforms.ActiveCfg = Release|x86
		{F717F720-4D14-4A31-B422-789963335EE6}.Release|Mixed Platforms.Build.0 = Release|x86
		{F717F720-4D14-4A31-B422-789963335EE6}.Release|x86.ActiveCfg = Release|x86
		{F717F720-4D14-4A31-B422-789963335EE6}.Release|x86.Build.0 = Release|x86
		{F717F720-4D14-4A31-B422-789963335EE6}.SingleImage|Any CPU.ActiveCfg = Release|x86
		{F717F720-4D14-4A31-B422-789963335EE6}.SingleImage|Mixed Platforms.ActiveCfg = Release|x86
		{F717F720-4D14-4A31-B422-789963335EE6}.SingleImage|Mixed Platforms.Build.0 = Release|x86
		{F717F720-4D14-4A31-B422-789963335EE6}.SingleImage|x86.ActiveCfg = Release|x86
		{F717F720-4D14-4A31-B422-789963335EE6}.SingleImage|x86.Build.0 = Release|x86
		{38D7AA58-C95B-449B-86C6-A8073A56E11F}.CD_ROM|Any CPU.ActiveCfg = Release|Any CPU
		{38D7AA58-C95B-449B-86C6-A8073A56E11F}.CD_ROM|Any CPU.Build.0 = Release|Any CPU
		{38D7AA58-C95B-449B-86C6-A8073A56E11F}.CD_ROM|Mixed Platforms.ActiveCfg = Release|Any CPU
		{38D7AA58-C95B-449B-86C6-A8073A56E11F}.CD_ROM|Mixed Platforms.Build.0 = Release|Any CPU
		{38D7AA58-C95B-449B-86C6-A8073A56E11F}.CD_ROM|x86.ActiveCfg = Release|Any CPU
		{38D7AA58-C95B-449B-86C6-A8073A56E11F}.Debug|Any CPU.ActiveCfg = Debug|Any CPU
		{38D7AA58-C95B-449B-86C6-A8073A56E11F}.Debug|Any CPU.Build.0 = Debug|Any CPU
		{38D7AA58-C95B-449B-86C6-A8073A56E11F}.Debug|Mixed Platforms.ActiveCfg = Debug|Any CPU
		{38D7AA58-C95B-449B-86C6-A8073A56E11F}.Debug|Mixed Platforms.Build.0 = Debug|Any CPU
		{38D7AA58-C95B-449B-86C6-A8073A56E11F}.Debug|x86.ActiveCfg = Debug|Any CPU
		{38D7AA58-C95B-449B-86C6-A8073A56E11F}.DVD-5|Any CPU.ActiveCfg = Debug|Any CPU
		{38D7AA58-C95B-449B-86C6-A8073A56E11F}.DVD-5|Any CPU.Build.0 = Debug|Any CPU
		{38D7AA58-C95B-449B-86C6-A8073A56E11F}.DVD-5|Mixed Platforms.ActiveCfg = Debug|Any CPU
		{38D7AA58-C95B-449B-86C6-A8073A56E11F}.DVD-5|Mixed Platforms.Build.0 = Debug|Any CPU
		{38D7AA58-C95B-449B-86C6-A8073A56E11F}.DVD-5|x86.ActiveCfg = Debug|Any CPU
		{38D7AA58-C95B-449B-86C6-A8073A56E11F}.Release|Any CPU.ActiveCfg = Release|Any CPU
		{38D7AA58-C95B-449B-86C6-A8073A56E11F}.Release|Any CPU.Build.0 = Release|Any CPU
		{38D7AA58-C95B-449B-86C6-A8073A56E11F}.Release|Mixed Platforms.ActiveCfg = Release|Any CPU
		{38D7AA58-C95B-449B-86C6-A8073A56E11F}.Release|Mixed Platforms.Build.0 = Release|Any CPU
		{38D7AA58-C95B-449B-86C6-A8073A56E11F}.Release|x86.ActiveCfg = Release|Any CPU
		{38D7AA58-C95B-449B-86C6-A8073A56E11F}.SingleImage|Any CPU.ActiveCfg = Release|Any CPU
		{38D7AA58-C95B-449B-86C6-A8073A56E11F}.SingleImage|Any CPU.Build.0 = Release|Any CPU
		{38D7AA58-C95B-449B-86C6-A8073A56E11F}.SingleImage|Mixed Platforms.ActiveCfg = Release|Any CPU
		{38D7AA58-C95B-449B-86C6-A8073A56E11F}.SingleImage|Mixed Platforms.Build.0 = Release|Any CPU
		{38D7AA58-C95B-449B-86C6-A8073A56E11F}.SingleImage|x86.ActiveCfg = Release|Any CPU
		{E3D8759A-C5EB-402D-9F10-F5C6029A8D1A}.CD_ROM|Any CPU.ActiveCfg = Release|Any CPU
		{E3D8759A-C5EB-402D-9F10-F5C6029A8D1A}.CD_ROM|Any CPU.Build.0 = Release|Any CPU
		{E3D8759A-C5EB-402D-9F10-F5C6029A8D1A}.CD_ROM|Mixed Platforms.ActiveCfg = Release|Any CPU
		{E3D8759A-C5EB-402D-9F10-F5C6029A8D1A}.CD_ROM|Mixed Platforms.Build.0 = Release|Any CPU
		{E3D8759A-C5EB-402D-9F10-F5C6029A8D1A}.CD_ROM|x86.ActiveCfg = Release|Any CPU
		{E3D8759A-C5EB-402D-9F10-F5C6029A8D1A}.Debug|Any CPU.ActiveCfg = Debug|Any CPU
		{E3D8759A-C5EB-402D-9F10-F5C6029A8D1A}.Debug|Any CPU.Build.0 = Debug|Any CPU
		{E3D8759A-C5EB-402D-9F10-F5C6029A8D1A}.Debug|Mixed Platforms.ActiveCfg = Debug|Any CPU
		{E3D8759A-C5EB-402D-9F10-F5C6029A8D1A}.Debug|Mixed Platforms.Build.0 = Debug|Any CPU
		{E3D8759A-C5EB-402D-9F10-F5C6029A8D1A}.Debug|x86.ActiveCfg = Debug|Any CPU
		{E3D8759A-C5EB-402D-9F10-F5C6029A8D1A}.DVD-5|Any CPU.ActiveCfg = Debug|Any CPU
		{E3D8759A-C5EB-402D-9F10-F5C6029A8D1A}.DVD-5|Any CPU.Build.0 = Debug|Any CPU
		{E3D8759A-C5EB-402D-9F10-F5C6029A8D1A}.DVD-5|Mixed Platforms.ActiveCfg = Debug|Any CPU
		{E3D8759A-C5EB-402D-9F10-F5C6029A8D1A}.DVD-5|Mixed Platforms.Build.0 = Debug|Any CPU
		{E3D8759A-C5EB-402D-9F10-F5C6029A8D1A}.DVD-5|x86.ActiveCfg = Debug|Any CPU
		{E3D8759A-C5EB-402D-9F10-F5C6029A8D1A}.Release|Any CPU.ActiveCfg = Release|Any CPU
		{E3D8759A-C5EB-402D-9F10-F5C6029A8D1A}.Release|Any CPU.Build.0 = Release|Any CPU
		{E3D8759A-C5EB-402D-9F10-F5C6029A8D1A}.Release|Mixed Platforms.ActiveCfg = Release|Any CPU
		{E3D8759A-C5EB-402D-9F10-F5C6029A8D1A}.Release|Mixed Platforms.Build.0 = Release|Any CPU
		{E3D8759A-C5EB-402D-9F10-F5C6029A8D1A}.Release|x86.ActiveCfg = Release|Any CPU
		{E3D8759A-C5EB-402D-9F10-F5C6029A8D1A}.SingleImage|Any CPU.ActiveCfg = Release|Any CPU
		{E3D8759A-C5EB-402D-9F10-F5C6029A8D1A}.SingleImage|Any CPU.Build.0 = Release|Any CPU
		{E3D8759A-C5EB-402D-9F10-F5C6029A8D1A}.SingleImage|Mixed Platforms.ActiveCfg = Release|Any CPU
		{E3D8759A-C5EB-402D-9F10-F5C6029A8D1A}.SingleImage|Mixed Platforms.Build.0 = Release|Any CPU
		{E3D8759A-C5EB-402D-9F10-F5C6029A8D1A}.SingleImage|x86.ActiveCfg = Release|Any CPU
		{9FE00521-3A8B-42B1-814E-585E99407B2E}.CD_ROM|Any CPU.ActiveCfg = Release|Any CPU
		{9FE00521-3A8B-42B1-814E-585E99407B2E}.CD_ROM|Any CPU.Build.0 = Release|Any CPU
		{9FE00521-3A8B-42B1-814E-585E99407B2E}.CD_ROM|Mixed Platforms.ActiveCfg = Release|Any CPU
		{9FE00521-3A8B-42B1-814E-585E99407B2E}.CD_ROM|Mixed Platforms.Build.0 = Release|Any CPU
		{9FE00521-3A8B-42B1-814E-585E99407B2E}.CD_ROM|x86.ActiveCfg = Release|Any CPU
		{9FE00521-3A8B-42B1-814E-585E99407B2E}.Debug|Any CPU.ActiveCfg = Debug|Any CPU
		{9FE00521-3A8B-42B1-814E-585E99407B2E}.Debug|Any CPU.Build.0 = Debug|Any CPU
		{9FE00521-3A8B-42B1-814E-585E99407B2E}.Debug|Mixed Platforms.ActiveCfg = Debug|Any CPU
		{9FE00521-3A8B-42B1-814E-585E99407B2E}.Debug|Mixed Platforms.Build.0 = Debug|Any CPU
		{9FE00521-3A8B-42B1-814E-585E99407B2E}.Debug|x86.ActiveCfg = Debug|Any CPU
		{9FE00521-3A8B-42B1-814E-585E99407B2E}.DVD-5|Any CPU.ActiveCfg = Debug|Any CPU
		{9FE00521-3A8B-42B1-814E-585E99407B2E}.DVD-5|Any CPU.Build.0 = Debug|Any CPU
		{9FE00521-3A8B-42B1-814E-585E99407B2E}.DVD-5|Mixed Platforms.ActiveCfg = Debug|Any CPU
		{9FE00521-3A8B-42B1-814E-585E99407B2E}.DVD-5|Mixed Platforms.Build.0 = Debug|Any CPU
		{9FE00521-3A8B-42B1-814E-585E99407B2E}.DVD-5|x86.ActiveCfg = Debug|Any CPU
		{9FE00521-3A8B-42B1-814E-585E99407B2E}.Release|Any CPU.ActiveCfg = Release|Any CPU
		{9FE00521-3A8B-42B1-814E-585E99407B2E}.Release|Any CPU.Build.0 = Release|Any CPU
		{9FE00521-3A8B-42B1-814E-585E99407B2E}.Release|Mixed Platforms.ActiveCfg = Release|Any CPU
		{9FE00521-3A8B-42B1-814E-585E99407B2E}.Release|Mixed Platforms.Build.0 = Release|Any CPU
		{9FE00521-3A8B-42B1-814E-585E99407B2E}.Release|x86.ActiveCfg = Release|Any CPU
		{9FE00521-3A8B-42B1-814E-585E99407B2E}.SingleImage|Any CPU.ActiveCfg = Release|Any CPU
		{9FE00521-3A8B-42B1-814E-585E99407B2E}.SingleImage|Any CPU.Build.0 = Release|Any CPU
		{9FE00521-3A8B-42B1-814E-585E99407B2E}.SingleImage|Mixed Platforms.ActiveCfg = Release|Any CPU
		{9FE00521-3A8B-42B1-814E-585E99407B2E}.SingleImage|Mixed Platforms.Build.0 = Release|Any CPU
		{9FE00521-3A8B-42B1-814E-585E99407B2E}.SingleImage|x86.ActiveCfg = Release|Any CPU
		{0988C62E-247F-471F-A183-DB509C7A3839}.CD_ROM|Any CPU.ActiveCfg = Release|Any CPU
		{0988C62E-247F-471F-A183-DB509C7A3839}.CD_ROM|Any CPU.Build.0 = Release|Any CPU
		{0988C62E-247F-471F-A183-DB509C7A3839}.CD_ROM|Mixed Platforms.ActiveCfg = Release|Any CPU
		{0988C62E-247F-471F-A183-DB509C7A3839}.CD_ROM|Mixed Platforms.Build.0 = Release|Any CPU
		{0988C62E-247F-471F-A183-DB509C7A3839}.CD_ROM|x86.ActiveCfg = Release|Any CPU
		{0988C62E-247F-471F-A183-DB509C7A3839}.Debug|Any CPU.ActiveCfg = Debug|Any CPU
		{0988C62E-247F-471F-A183-DB509C7A3839}.Debug|Any CPU.Build.0 = Debug|Any CPU
		{0988C62E-247F-471F-A183-DB509C7A3839}.Debug|Mixed Platforms.ActiveCfg = Debug|Any CPU
		{0988C62E-247F-471F-A183-DB509C7A3839}.Debug|Mixed Platforms.Build.0 = Debug|Any CPU
		{0988C62E-247F-471F-A183-DB509C7A3839}.Debug|x86.ActiveCfg = Debug|Any CPU
		{0988C62E-247F-471F-A183-DB509C7A3839}.DVD-5|Any CPU.ActiveCfg = Debug|Any CPU
		{0988C62E-247F-471F-A183-DB509C7A3839}.DVD-5|Any CPU.Build.0 = Debug|Any CPU
		{0988C62E-247F-471F-A183-DB509C7A3839}.DVD-5|Mixed Platforms.ActiveCfg = Debug|Any CPU
		{0988C62E-247F-471F-A183-DB509C7A3839}.DVD-5|Mixed Platforms.Build.0 = Debug|Any CPU
		{0988C62E-247F-471F-A183-DB509C7A3839}.DVD-5|x86.ActiveCfg = Debug|Any CPU
		{0988C62E-247F-471F-A183-DB509C7A3839}.Release|Any CPU.ActiveCfg = Release|Any CPU
		{0988C62E-247F-471F-A183-DB509C7A3839}.Release|Any CPU.Build.0 = Release|Any CPU
		{0988C62E-247F-471F-A183-DB509C7A3839}.Release|Mixed Platforms.ActiveCfg = Release|Any CPU
		{0988C62E-247F-471F-A183-DB509C7A3839}.Release|Mixed Platforms.Build.0 = Release|Any CPU
		{0988C62E-247F-471F-A183-DB509C7A3839}.Release|x86.ActiveCfg = Release|Any CPU
		{0988C62E-247F-471F-A183-DB509C7A3839}.SingleImage|Any CPU.ActiveCfg = Release|Any CPU
		{0988C62E-247F-471F-A183-DB509C7A3839}.SingleImage|Any CPU.Build.0 = Release|Any CPU
		{0988C62E-247F-471F-A183-DB509C7A3839}.SingleImage|Mixed Platforms.ActiveCfg = Release|Any CPU
		{0988C62E-247F-471F-A183-DB509C7A3839}.SingleImage|Mixed Platforms.Build.0 = Release|Any CPU
		{0988C62E-247F-471F-A183-DB509C7A3839}.SingleImage|x86.ActiveCfg = Release|Any CPU
		{53995DBB-9836-4647-AD22-865884FDEB9E}.CD_ROM|Any CPU.ActiveCfg = Release|Any CPU
		{53995DBB-9836-4647-AD22-865884FDEB9E}.CD_ROM|Any CPU.Build.0 = Release|Any CPU
		{53995DBB-9836-4647-AD22-865884FDEB9E}.CD_ROM|Mixed Platforms.ActiveCfg = Release|Any CPU
		{53995DBB-9836-4647-AD22-865884FDEB9E}.CD_ROM|Mixed Platforms.Build.0 = Release|Any CPU
		{53995DBB-9836-4647-AD22-865884FDEB9E}.CD_ROM|x86.ActiveCfg = Release|Any CPU
		{53995DBB-9836-4647-AD22-865884FDEB9E}.Debug|Any CPU.ActiveCfg = Debug|Any CPU
		{53995DBB-9836-4647-AD22-865884FDEB9E}.Debug|Any CPU.Build.0 = Debug|Any CPU
		{53995DBB-9836-4647-AD22-865884FDEB9E}.Debug|Mixed Platforms.ActiveCfg = Debug|Any CPU
		{53995DBB-9836-4647-AD22-865884FDEB9E}.Debug|Mixed Platforms.Build.0 = Debug|Any CPU
		{53995DBB-9836-4647-AD22-865884FDEB9E}.Debug|x86.ActiveCfg = Debug|Any CPU
		{53995DBB-9836-4647-AD22-865884FDEB9E}.DVD-5|Any CPU.ActiveCfg = Debug|Any CPU
		{53995DBB-9836-4647-AD22-865884FDEB9E}.DVD-5|Any CPU.Build.0 = Debug|Any CPU
		{53995DBB-9836-4647-AD22-865884FDEB9E}.DVD-5|Mixed Platforms.ActiveCfg = Debug|Any CPU
		{53995DBB-9836-4647-AD22-865884FDEB9E}.DVD-5|Mixed Platforms.Build.0 = Debug|Any CPU
		{53995DBB-9836-4647-AD22-865884FDEB9E}.DVD-5|x86.ActiveCfg = Debug|Any CPU
		{53995DBB-9836-4647-AD22-865884FDEB9E}.Release|Any CPU.ActiveCfg = Release|Any CPU
		{53995DBB-9836-4647-AD22-865884FDEB9E}.Release|Any CPU.Build.0 = Release|Any CPU
		{53995DBB-9836-4647-AD22-865884FDEB9E}.Release|Mixed Platforms.ActiveCfg = Release|Any CPU
		{53995DBB-9836-4647-AD22-865884FDEB9E}.Release|Mixed Platforms.Build.0 = Release|Any CPU
		{53995DBB-9836-4647-AD22-865884FDEB9E}.Release|x86.ActiveCfg = Release|Any CPU
		{53995DBB-9836-4647-AD22-865884FDEB9E}.SingleImage|Any CPU.ActiveCfg = Release|Any CPU
		{53995DBB-9836-4647-AD22-865884FDEB9E}.SingleImage|Any CPU.Build.0 = Release|Any CPU
		{53995DBB-9836-4647-AD22-865884FDEB9E}.SingleImage|Mixed Platforms.ActiveCfg = Release|Any CPU
		{53995DBB-9836-4647-AD22-865884FDEB9E}.SingleImage|Mixed Platforms.Build.0 = Release|Any CPU
		{53995DBB-9836-4647-AD22-865884FDEB9E}.SingleImage|x86.ActiveCfg = Release|Any CPU
		{199C12C4-3EEF-4D08-BAC3-F2A62BCF969C}.CD_ROM|Any CPU.ActiveCfg = Release|Any CPU
		{199C12C4-3EEF-4D08-BAC3-F2A62BCF969C}.CD_ROM|Any CPU.Build.0 = Release|Any CPU
		{199C12C4-3EEF-4D08-BAC3-F2A62BCF969C}.CD_ROM|Mixed Platforms.ActiveCfg = Release|Any CPU
		{199C12C4-3EEF-4D08-BAC3-F2A62BCF969C}.CD_ROM|Mixed Platforms.Build.0 = Release|Any CPU
		{199C12C4-3EEF-4D08-BAC3-F2A62BCF969C}.CD_ROM|x86.ActiveCfg = Release|Any CPU
		{199C12C4-3EEF-4D08-BAC3-F2A62BCF969C}.Debug|Any CPU.ActiveCfg = Debug|Any CPU
		{199C12C4-3EEF-4D08-BAC3-F2A62BCF969C}.Debug|Any CPU.Build.0 = Debug|Any CPU
		{199C12C4-3EEF-4D08-BAC3-F2A62BCF969C}.Debug|Mixed Platforms.ActiveCfg = Debug|Any CPU
		{199C12C4-3EEF-4D08-BAC3-F2A62BCF969C}.Debug|Mixed Platforms.Build.0 = Debug|Any CPU
		{199C12C4-3EEF-4D08-BAC3-F2A62BCF969C}.Debug|x86.ActiveCfg = Debug|Any CPU
		{199C12C4-3EEF-4D08-BAC3-F2A62BCF969C}.DVD-5|Any CPU.ActiveCfg = Debug|Any CPU
		{199C12C4-3EEF-4D08-BAC3-F2A62BCF969C}.DVD-5|Any CPU.Build.0 = Debug|Any CPU
		{199C12C4-3EEF-4D08-BAC3-F2A62BCF969C}.DVD-5|Mixed Platforms.ActiveCfg = Debug|Any CPU
		{199C12C4-3EEF-4D08-BAC3-F2A62BCF969C}.DVD-5|Mixed Platforms.Build.0 = Debug|Any CPU
		{199C12C4-3EEF-4D08-BAC3-F2A62BCF969C}.DVD-5|x86.ActiveCfg = Debug|Any CPU
		{199C12C4-3EEF-4D08-BAC3-F2A62BCF969C}.Release|Any CPU.ActiveCfg = Release|Any CPU
		{199C12C4-3EEF-4D08-BAC3-F2A62BCF969C}.Release|Any CPU.Build.0 = Release|Any CPU
		{199C12C4-3EEF-4D08-BAC3-F2A62BCF969C}.Release|Mixed Platforms.ActiveCfg = Release|Any CPU
		{199C12C4-3EEF-4D08-BAC3-F2A62BCF969C}.Release|Mixed Platforms.Build.0 = Release|Any CPU
		{199C12C4-3EEF-4D08-BAC3-F2A62BCF969C}.Release|x86.ActiveCfg = Release|Any CPU
		{199C12C4-3EEF-4D08-BAC3-F2A62BCF969C}.SingleImage|Any CPU.ActiveCfg = Release|Any CPU
		{199C12C4-3EEF-4D08-BAC3-F2A62BCF969C}.SingleImage|Any CPU.Build.0 = Release|Any CPU
		{199C12C4-3EEF-4D08-BAC3-F2A62BCF969C}.SingleImage|Mixed Platforms.ActiveCfg = Release|Any CPU
		{199C12C4-3EEF-4D08-BAC3-F2A62BCF969C}.SingleImage|Mixed Platforms.Build.0 = Release|Any CPU
		{199C12C4-3EEF-4D08-BAC3-F2A62BCF969C}.SingleImage|x86.ActiveCfg = Release|Any CPU
		{D5D88EB0-23B9-46CE-B23C-C6245ECF023C}.CD_ROM|Any CPU.ActiveCfg = Release|Any CPU
		{D5D88EB0-23B9-46CE-B23C-C6245ECF023C}.CD_ROM|Any CPU.Build.0 = Release|Any CPU
		{D5D88EB0-23B9-46CE-B23C-C6245ECF023C}.CD_ROM|Mixed Platforms.ActiveCfg = Release|Any CPU
		{D5D88EB0-23B9-46CE-B23C-C6245ECF023C}.CD_ROM|Mixed Platforms.Build.0 = Release|Any CPU
		{D5D88EB0-23B9-46CE-B23C-C6245ECF023C}.CD_ROM|x86.ActiveCfg = Release|Any CPU
		{D5D88EB0-23B9-46CE-B23C-C6245ECF023C}.Debug|Any CPU.ActiveCfg = Debug|Any CPU
		{D5D88EB0-23B9-46CE-B23C-C6245ECF023C}.Debug|Any CPU.Build.0 = Debug|Any CPU
		{D5D88EB0-23B9-46CE-B23C-C6245ECF023C}.Debug|Mixed Platforms.ActiveCfg = Debug|Any CPU
		{D5D88EB0-23B9-46CE-B23C-C6245ECF023C}.Debug|Mixed Platforms.Build.0 = Debug|Any CPU
		{D5D88EB0-23B9-46CE-B23C-C6245ECF023C}.Debug|x86.ActiveCfg = Debug|Any CPU
		{D5D88EB0-23B9-46CE-B23C-C6245ECF023C}.DVD-5|Any CPU.ActiveCfg = Debug|Any CPU
		{D5D88EB0-23B9-46CE-B23C-C6245ECF023C}.DVD-5|Any CPU.Build.0 = Debug|Any CPU
		{D5D88EB0-23B9-46CE-B23C-C6245ECF023C}.DVD-5|Mixed Platforms.ActiveCfg = Debug|Any CPU
		{D5D88EB0-23B9-46CE-B23C-C6245ECF023C}.DVD-5|Mixed Platforms.Build.0 = Debug|Any CPU
		{D5D88EB0-23B9-46CE-B23C-C6245ECF023C}.DVD-5|x86.ActiveCfg = Debug|Any CPU
		{D5D88EB0-23B9-46CE-B23C-C6245ECF023C}.Release|Any CPU.ActiveCfg = Release|Any CPU
		{D5D88EB0-23B9-46CE-B23C-C6245ECF023C}.Release|Any CPU.Build.0 = Release|Any CPU
		{D5D88EB0-23B9-46CE-B23C-C6245ECF023C}.Release|Mixed Platforms.ActiveCfg = Release|Any CPU
		{D5D88EB0-23B9-46CE-B23C-C6245ECF023C}.Release|Mixed Platforms.Build.0 = Release|Any CPU
		{D5D88EB0-23B9-46CE-B23C-C6245ECF023C}.Release|x86.ActiveCfg = Release|Any CPU
		{D5D88EB0-23B9-46CE-B23C-C6245ECF023C}.SingleImage|Any CPU.ActiveCfg = Release|Any CPU
		{D5D88EB0-23B9-46CE-B23C-C6245ECF023C}.SingleImage|Any CPU.Build.0 = Release|Any CPU
		{D5D88EB0-23B9-46CE-B23C-C6245ECF023C}.SingleImage|Mixed Platforms.ActiveCfg = Release|Any CPU
		{D5D88EB0-23B9-46CE-B23C-C6245ECF023C}.SingleImage|Mixed Platforms.Build.0 = Release|Any CPU
		{D5D88EB0-23B9-46CE-B23C-C6245ECF023C}.SingleImage|x86.ActiveCfg = Release|Any CPU
		{17A4D90E-2DEB-4BD7-82B6-16860C90B4E9}.CD_ROM|Any CPU.ActiveCfg = Release|Any CPU
		{17A4D90E-2DEB-4BD7-82B6-16860C90B4E9}.CD_ROM|Any CPU.Build.0 = Release|Any CPU
		{17A4D90E-2DEB-4BD7-82B6-16860C90B4E9}.CD_ROM|Mixed Platforms.ActiveCfg = Release|Any CPU
		{17A4D90E-2DEB-4BD7-82B6-16860C90B4E9}.CD_ROM|Mixed Platforms.Build.0 = Release|Any CPU
		{17A4D90E-2DEB-4BD7-82B6-16860C90B4E9}.CD_ROM|x86.ActiveCfg = Release|Any CPU
		{17A4D90E-2DEB-4BD7-82B6-16860C90B4E9}.Debug|Any CPU.ActiveCfg = Debug|Any CPU
		{17A4D90E-2DEB-4BD7-82B6-16860C90B4E9}.Debug|Any CPU.Build.0 = Debug|Any CPU
		{17A4D90E-2DEB-4BD7-82B6-16860C90B4E9}.Debug|Mixed Platforms.ActiveCfg = Debug|Any CPU
		{17A4D90E-2DEB-4BD7-82B6-16860C90B4E9}.Debug|Mixed Platforms.Build.0 = Debug|Any CPU
		{17A4D90E-2DEB-4BD7-82B6-16860C90B4E9}.Debug|x86.ActiveCfg = Debug|Any CPU
		{17A4D90E-2DEB-4BD7-82B6-16860C90B4E9}.DVD-5|Any CPU.ActiveCfg = Debug|Any CPU
		{17A4D90E-2DEB-4BD7-82B6-16860C90B4E9}.DVD-5|Any CPU.Build.0 = Debug|Any CPU
		{17A4D90E-2DEB-4BD7-82B6-16860C90B4E9}.DVD-5|Mixed Platforms.ActiveCfg = Debug|Any CPU
		{17A4D90E-2DEB-4BD7-82B6-16860C90B4E9}.DVD-5|Mixed Platforms.Build.0 = Debug|Any CPU
		{17A4D90E-2DEB-4BD7-82B6-16860C90B4E9}.DVD-5|x86.ActiveCfg = Debug|Any CPU
		{17A4D90E-2DEB-4BD7-82B6-16860C90B4E9}.Release|Any CPU.ActiveCfg = Release|Any CPU
		{17A4D90E-2DEB-4BD7-82B6-16860C90B4E9}.Release|Any CPU.Build.0 = Release|Any CPU
		{17A4D90E-2DEB-4BD7-82B6-16860C90B4E9}.Release|Mixed Platforms.ActiveCfg = Release|Any CPU
		{17A4D90E-2DEB-4BD7-82B6-16860C90B4E9}.Release|Mixed Platforms.Build.0 = Release|Any CPU
		{17A4D90E-2DEB-4BD7-82B6-16860C90B4E9}.Release|x86.ActiveCfg = Release|Any CPU
		{17A4D90E-2DEB-4BD7-82B6-16860C90B4E9}.SingleImage|Any CPU.ActiveCfg = Release|Any CPU
		{17A4D90E-2DEB-4BD7-82B6-16860C90B4E9}.SingleImage|Any CPU.Build.0 = Release|Any CPU
		{17A4D90E-2DEB-4BD7-82B6-16860C90B4E9}.SingleImage|Mixed Platforms.ActiveCfg = Release|Any CPU
		{17A4D90E-2DEB-4BD7-82B6-16860C90B4E9}.SingleImage|Mixed Platforms.Build.0 = Release|Any CPU
		{17A4D90E-2DEB-4BD7-82B6-16860C90B4E9}.SingleImage|x86.ActiveCfg = Release|Any CPU
	EndGlobalSection
	GlobalSection(SolutionProperties) = preSolution
		HideSolutionNode = FALSE
	EndGlobalSection
	GlobalSection(ExtensibilityGlobals) = postSolution
		VisualSVNWorkingCopyRoot = .
	EndGlobalSection
EndGlobal
